// !$*UTF8*$!
{
	archiveVersion = 1;
	classes = {
	};
	objectVersion = 50;
	objects = {

/* Begin PBXBuildFile section */
		300CDD6366FE82AC9A6F4DAB /* Pods_TemplatesView.framework in Frameworks */ = {isa = PBXBuildFile; fileRef = 3C9DC12CCD80F6C125F12BA7 /* Pods_TemplatesView.framework */; };
		98123517234A3A9E0040927A /* UIView+Extension.swift in Sources */ = {isa = PBXBuildFile; fileRef = 98123516234A3A9E0040927A /* UIView+Extension.swift */; };
		9812351B234A55280040927A /* FavoriteViewCell.swift in Sources */ = {isa = PBXBuildFile; fileRef = 9812351A234A55280040927A /* FavoriteViewCell.swift */; };
		9812351E234A57DC0040927A /* FavoriteViewBody.swift in Sources */ = {isa = PBXBuildFile; fileRef = 9812351D234A57DC0040927A /* FavoriteViewBody.swift */; };
		98123520234A5BA00040927A /* UIButton+Extension.swift in Sources */ = {isa = PBXBuildFile; fileRef = 9812351F234A5BA00040927A /* UIButton+Extension.swift */; };
		98123523234A6C9C0040927A /* HomeMockList.swift in Sources */ = {isa = PBXBuildFile; fileRef = 98123522234A6C9C0040927A /* HomeMockList.swift */; };
		9814413E2346E6FD001B36D4 /* NotifView.swift in Sources */ = {isa = PBXBuildFile; fileRef = 9814413D2346E6FD001B36D4 /* NotifView.swift */; };
		981441402346E733001B36D4 /* LikesView.swift in Sources */ = {isa = PBXBuildFile; fileRef = 9814413F2346E733001B36D4 /* LikesView.swift */; };
		981441422346E75A001B36D4 /* FavoritesView.swift in Sources */ = {isa = PBXBuildFile; fileRef = 981441412346E75A001B36D4 /* FavoritesView.swift */; };
		981441442346E79F001B36D4 /* HomeView.swift in Sources */ = {isa = PBXBuildFile; fileRef = 981441432346E79F001B36D4 /* HomeView.swift */; };
		98A5CB6B233C1E72002325DC /* AppDelegate.swift in Sources */ = {isa = PBXBuildFile; fileRef = 98A5CB6A233C1E72002325DC /* AppDelegate.swift */; };
		98A5CB6D233C1E72002325DC /* SceneDelegate.swift in Sources */ = {isa = PBXBuildFile; fileRef = 98A5CB6C233C1E72002325DC /* SceneDelegate.swift */; };
		98A5CB6F233C1E72002325DC /* ViewController.swift in Sources */ = {isa = PBXBuildFile; fileRef = 98A5CB6E233C1E72002325DC /* ViewController.swift */; };
		98A5CB74233C1E73002325DC /* Assets.xcassets in Resources */ = {isa = PBXBuildFile; fileRef = 98A5CB73233C1E73002325DC /* Assets.xcassets */; };
		98A5CB81233C37D2002325DC /* Style.swift in Sources */ = {isa = PBXBuildFile; fileRef = 98A5CB80233C37D2002325DC /* Style.swift */; };
		98A5CB87233C89FB002325DC /* UIImage+Extension.swift in Sources */ = {isa = PBXBuildFile; fileRef = 98A5CB86233C89FB002325DC /* UIImage+Extension.swift */; };
		98A5CB89233C8C17002325DC /* Constants.swift in Sources */ = {isa = PBXBuildFile; fileRef = 98A5CB88233C8C17002325DC /* Constants.swift */; };
		98A5CB8E233F2907002325DC /* UIButtonTemplate.swift in Sources */ = {isa = PBXBuildFile; fileRef = 98A5CB8D233F2907002325DC /* UIButtonTemplate.swift */; };
		98A5CB90233F350F002325DC /* UIImageViewTemplate.swift in Sources */ = {isa = PBXBuildFile; fileRef = 98A5CB8F233F350F002325DC /* UIImageViewTemplate.swift */; };
		98A5CB92233F3C0F002325DC /* UIViewTemplates.swift in Sources */ = {isa = PBXBuildFile; fileRef = 98A5CB91233F3C0F002325DC /* UIViewTemplates.swift */; };
		98A5CB94233F3E30002325DC /* UITextFieldTemplate.swift in Sources */ = {isa = PBXBuildFile; fileRef = 98A5CB93233F3E30002325DC /* UITextFieldTemplate.swift */; };
		98A5CB98233FF450002325DC /* UIScrollView+Extension.swift in Sources */ = {isa = PBXBuildFile; fileRef = 98A5CB97233FF450002325DC /* UIScrollView+Extension.swift */; };
		98A5CB9A23410137002325DC /* UINavigationItem+Extension.swift in Sources */ = {isa = PBXBuildFile; fileRef = 98A5CB9923410137002325DC /* UINavigationItem+Extension.swift */; };
		98A5CB9C234105B4002325DC /* UINavigationBar+Extension.swift in Sources */ = {isa = PBXBuildFile; fileRef = 98A5CB9B234105B4002325DC /* UINavigationBar+Extension.swift */; };
		98A5CBA023410962002325DC /* CAGradientLayer+Extension.swift in Sources */ = {isa = PBXBuildFile; fileRef = 98A5CB9F23410962002325DC /* CAGradientLayer+Extension.swift */; };
		98A5CBA223411399002325DC /* UIViewController+Extension.swift in Sources */ = {isa = PBXBuildFile; fileRef = 98A5CBA123411399002325DC /* UIViewController+Extension.swift */; };
		98A5CBA423411A98002325DC /* UILabelTemplate.swift in Sources */ = {isa = PBXBuildFile; fileRef = 98A5CBA323411A98002325DC /* UILabelTemplate.swift */; };
		98ABAF022346FB64004C87A1 /* LaunchScreen.storyboard in Resources */ = {isa = PBXBuildFile; fileRef = 98ABAF012346FB64004C87A1 /* LaunchScreen.storyboard */; };
		98ABAF042346FC75004C87A1 /* TabBarDelegate.swift in Sources */ = {isa = PBXBuildFile; fileRef = 98ABAF032346FC75004C87A1 /* TabBarDelegate.swift */; };
		98ABAF0623470436004C87A1 /* HomaViewCell.swift in Sources */ = {isa = PBXBuildFile; fileRef = 98ABAF0523470436004C87A1 /* HomaViewCell.swift */; };
		98ABAF0B234704C1004C87A1 /* User.swift in Sources */ = {isa = PBXBuildFile; fileRef = 98ABAF0A234704C1004C87A1 /* User.swift */; };
		98ABAF0F23470640004C87A1 /* HomeViewBody.swift in Sources */ = {isa = PBXBuildFile; fileRef = 98ABAF0E23470640004C87A1 /* HomeViewBody.swift */; };
		98B350A92345873200E7F33B /* GenericTableView.swift in Sources */ = {isa = PBXBuildFile; fileRef = 98B350A82345873200E7F33B /* GenericTableView.swift */; };
		98B350AB234587EC00E7F33B /* GenericTableViewCell.swift in Sources */ = {isa = PBXBuildFile; fileRef = 98B350AA234587EC00E7F33B /* GenericTableViewCell.swift */; };
		98B350C22345AA3100E7F33B /* TabBarProtocols.swift in Sources */ = {isa = PBXBuildFile; fileRef = 98B350C12345AA3100E7F33B /* TabBarProtocols.swift */; };
		98B350C42345AB0900E7F33B /* TabBarRouter.swift in Sources */ = {isa = PBXBuildFile; fileRef = 98B350C32345AB0900E7F33B /* TabBarRouter.swift */; };
		98B350C62345AB5900E7F33B /* TabBarView.swift in Sources */ = {isa = PBXBuildFile; fileRef = 98B350C52345AB5900E7F33B /* TabBarView.swift */; };
		98B350C82345AB6200E7F33B /* TabBarPresenter.swift in Sources */ = {isa = PBXBuildFile; fileRef = 98B350C72345AB6200E7F33B /* TabBarPresenter.swift */; };
		98B350CA2345AB7500E7F33B /* TabBarInteractor.swift in Sources */ = {isa = PBXBuildFile; fileRef = 98B350C92345AB7500E7F33B /* TabBarInteractor.swift */; };
		98B350CD2345BEFA00E7F33B /* NavTitleView.swift in Sources */ = {isa = PBXBuildFile; fileRef = 98B350CC2345BEFA00E7F33B /* NavTitleView.swift */; };
		98D6DC33234C105000E8391F /* FavoritesViewIdentifiers.swift in Sources */ = {isa = PBXBuildFile; fileRef = 98D6DC32234C105000E8391F /* FavoritesViewIdentifiers.swift */; };
		98D6DC35234C452100E8391F /* HotelInfo.swift in Sources */ = {isa = PBXBuildFile; fileRef = 98D6DC34234C452100E8391F /* HotelInfo.swift */; };
		98D6DC37234C473A00E8391F /* HotelInfoList.swift in Sources */ = {isa = PBXBuildFile; fileRef = 98D6DC36234C473A00E8391F /* HotelInfoList.swift */; };
		98D6DC3A234C53D700E8391F /* FavoriteDetailsView.swift in Sources */ = {isa = PBXBuildFile; fileRef = 98D6DC39234C53D700E8391F /* FavoriteDetailsView.swift */; };
		98D6DC3E234C563C00E8391F /* CGFloat+Extension.swift in Sources */ = {isa = PBXBuildFile; fileRef = 98D6DC3D234C563C00E8391F /* CGFloat+Extension.swift */; };
		98D6DC40234C5C0B00E8391F /* UIStackViews.swift in Sources */ = {isa = PBXBuildFile; fileRef = 98D6DC3F234C5C0B00E8391F /* UIStackViews.swift */; };
/* End PBXBuildFile section */

/* Begin PBXFileReference section */
		3C9DC12CCD80F6C125F12BA7 /* Pods_TemplatesView.framework */ = {isa = PBXFileReference; explicitFileType = wrapper.framework; includeInIndex = 0; path = Pods_TemplatesView.framework; sourceTree = BUILT_PRODUCTS_DIR; };
		7400C8572CFEE8743256C766 /* Pods-TemplatesView.debug.xcconfig */ = {isa = PBXFileReference; includeInIndex = 1; lastKnownFileType = text.xcconfig; name = "Pods-TemplatesView.debug.xcconfig"; path = "Target Support Files/Pods-TemplatesView/Pods-TemplatesView.debug.xcconfig"; sourceTree = "<group>"; };
		777FE6D4C074B5E64BF4A43F /* Pods-TemplatesView.release.xcconfig */ = {isa = PBXFileReference; includeInIndex = 1; lastKnownFileType = text.xcconfig; name = "Pods-TemplatesView.release.xcconfig"; path = "Target Support Files/Pods-TemplatesView/Pods-TemplatesView.release.xcconfig"; sourceTree = "<group>"; };
		98123516234A3A9E0040927A /* UIView+Extension.swift */ = {isa = PBXFileReference; lastKnownFileType = sourcecode.swift; path = "UIView+Extension.swift"; sourceTree = "<group>"; };
		9812351A234A55280040927A /* FavoriteViewCell.swift */ = {isa = PBXFileReference; lastKnownFileType = sourcecode.swift; path = FavoriteViewCell.swift; sourceTree = "<group>"; };
		9812351D234A57DC0040927A /* FavoriteViewBody.swift */ = {isa = PBXFileReference; lastKnownFileType = sourcecode.swift; path = FavoriteViewBody.swift; sourceTree = "<group>"; };
		9812351F234A5BA00040927A /* UIButton+Extension.swift */ = {isa = PBXFileReference; lastKnownFileType = sourcecode.swift; path = "UIButton+Extension.swift"; sourceTree = "<group>"; };
		98123522234A6C9C0040927A /* HomeMockList.swift */ = {isa = PBXFileReference; lastKnownFileType = sourcecode.swift; path = HomeMockList.swift; sourceTree = "<group>"; };
		9814413D2346E6FD001B36D4 /* NotifView.swift */ = {isa = PBXFileReference; lastKnownFileType = sourcecode.swift; path = NotifView.swift; sourceTree = "<group>"; };
		9814413F2346E733001B36D4 /* LikesView.swift */ = {isa = PBXFileReference; lastKnownFileType = sourcecode.swift; path = LikesView.swift; sourceTree = "<group>"; };
		981441412346E75A001B36D4 /* FavoritesView.swift */ = {isa = PBXFileReference; lastKnownFileType = sourcecode.swift; path = FavoritesView.swift; sourceTree = "<group>"; };
		981441432346E79F001B36D4 /* HomeView.swift */ = {isa = PBXFileReference; lastKnownFileType = sourcecode.swift; path = HomeView.swift; sourceTree = "<group>"; };
		98A5CB67233C1E72002325DC /* TemplatesView.app */ = {isa = PBXFileReference; explicitFileType = wrapper.application; includeInIndex = 0; path = TemplatesView.app; sourceTree = BUILT_PRODUCTS_DIR; };
		98A5CB6A233C1E72002325DC /* AppDelegate.swift */ = {isa = PBXFileReference; lastKnownFileType = sourcecode.swift; path = AppDelegate.swift; sourceTree = "<group>"; };
		98A5CB6C233C1E72002325DC /* SceneDelegate.swift */ = {isa = PBXFileReference; lastKnownFileType = sourcecode.swift; path = SceneDelegate.swift; sourceTree = "<group>"; };
		98A5CB6E233C1E72002325DC /* ViewController.swift */ = {isa = PBXFileReference; lastKnownFileType = sourcecode.swift; path = ViewController.swift; sourceTree = "<group>"; };
		98A5CB73233C1E73002325DC /* Assets.xcassets */ = {isa = PBXFileReference; lastKnownFileType = folder.assetcatalog; path = Assets.xcassets; sourceTree = "<group>"; };
		98A5CB78233C1E73002325DC /* Info.plist */ = {isa = PBXFileReference; lastKnownFileType = text.plist.xml; path = Info.plist; sourceTree = "<group>"; };
		98A5CB80233C37D2002325DC /* Style.swift */ = {isa = PBXFileReference; lastKnownFileType = sourcecode.swift; path = Style.swift; sourceTree = "<group>"; };
		98A5CB86233C89FB002325DC /* UIImage+Extension.swift */ = {isa = PBXFileReference; lastKnownFileType = sourcecode.swift; path = "UIImage+Extension.swift"; sourceTree = "<group>"; };
		98A5CB88233C8C17002325DC /* Constants.swift */ = {isa = PBXFileReference; lastKnownFileType = sourcecode.swift; path = Constants.swift; sourceTree = "<group>"; };
		98A5CB8D233F2907002325DC /* UIButtonTemplate.swift */ = {isa = PBXFileReference; lastKnownFileType = sourcecode.swift; path = UIButtonTemplate.swift; sourceTree = "<group>"; };
		98A5CB8F233F350F002325DC /* UIImageViewTemplate.swift */ = {isa = PBXFileReference; lastKnownFileType = sourcecode.swift; path = UIImageViewTemplate.swift; sourceTree = "<group>"; };
		98A5CB91233F3C0F002325DC /* UIViewTemplates.swift */ = {isa = PBXFileReference; lastKnownFileType = sourcecode.swift; path = UIViewTemplates.swift; sourceTree = "<group>"; };
		98A5CB93233F3E30002325DC /* UITextFieldTemplate.swift */ = {isa = PBXFileReference; lastKnownFileType = sourcecode.swift; path = UITextFieldTemplate.swift; sourceTree = "<group>"; };
		98A5CB97233FF450002325DC /* UIScrollView+Extension.swift */ = {isa = PBXFileReference; lastKnownFileType = sourcecode.swift; path = "UIScrollView+Extension.swift"; sourceTree = "<group>"; };
		98A5CB9923410137002325DC /* UINavigationItem+Extension.swift */ = {isa = PBXFileReference; lastKnownFileType = sourcecode.swift; path = "UINavigationItem+Extension.swift"; sourceTree = "<group>"; };
		98A5CB9B234105B4002325DC /* UINavigationBar+Extension.swift */ = {isa = PBXFileReference; lastKnownFileType = sourcecode.swift; path = "UINavigationBar+Extension.swift"; sourceTree = "<group>"; };
		98A5CB9F23410962002325DC /* CAGradientLayer+Extension.swift */ = {isa = PBXFileReference; lastKnownFileType = sourcecode.swift; path = "CAGradientLayer+Extension.swift"; sourceTree = "<group>"; };
		98A5CBA123411399002325DC /* UIViewController+Extension.swift */ = {isa = PBXFileReference; lastKnownFileType = sourcecode.swift; path = "UIViewController+Extension.swift"; sourceTree = "<group>"; };
		98A5CBA323411A98002325DC /* UILabelTemplate.swift */ = {isa = PBXFileReference; lastKnownFileType = sourcecode.swift; path = UILabelTemplate.swift; sourceTree = "<group>"; };
		98ABAF012346FB64004C87A1 /* LaunchScreen.storyboard */ = {isa = PBXFileReference; lastKnownFileType = file.storyboard; path = LaunchScreen.storyboard; sourceTree = "<group>"; };
		98ABAF032346FC75004C87A1 /* TabBarDelegate.swift */ = {isa = PBXFileReference; lastKnownFileType = sourcecode.swift; path = TabBarDelegate.swift; sourceTree = "<group>"; };
		98ABAF0523470436004C87A1 /* HomaViewCell.swift */ = {isa = PBXFileReference; lastKnownFileType = sourcecode.swift; path = HomaViewCell.swift; sourceTree = "<group>"; };
		98ABAF0A234704C1004C87A1 /* User.swift */ = {isa = PBXFileReference; lastKnownFileType = sourcecode.swift; path = User.swift; sourceTree = "<group>"; };
		98ABAF0E23470640004C87A1 /* HomeViewBody.swift */ = {isa = PBXFileReference; lastKnownFileType = sourcecode.swift; path = HomeViewBody.swift; sourceTree = "<group>"; };
		98B350A82345873200E7F33B /* GenericTableView.swift */ = {isa = PBXFileReference; lastKnownFileType = sourcecode.swift; path = GenericTableView.swift; sourceTree = "<group>"; };
		98B350AA234587EC00E7F33B /* GenericTableViewCell.swift */ = {isa = PBXFileReference; lastKnownFileType = sourcecode.swift; path = GenericTableViewCell.swift; sourceTree = "<group>"; };
		98B350C12345AA3100E7F33B /* TabBarProtocols.swift */ = {isa = PBXFileReference; lastKnownFileType = sourcecode.swift; path = TabBarProtocols.swift; sourceTree = "<group>"; };
		98B350C32345AB0900E7F33B /* TabBarRouter.swift */ = {isa = PBXFileReference; lastKnownFileType = sourcecode.swift; path = TabBarRouter.swift; sourceTree = "<group>"; };
		98B350C52345AB5900E7F33B /* TabBarView.swift */ = {isa = PBXFileReference; lastKnownFileType = sourcecode.swift; path = TabBarView.swift; sourceTree = "<group>"; };
		98B350C72345AB6200E7F33B /* TabBarPresenter.swift */ = {isa = PBXFileReference; lastKnownFileType = sourcecode.swift; path = TabBarPresenter.swift; sourceTree = "<group>"; };
		98B350C92345AB7500E7F33B /* TabBarInteractor.swift */ = {isa = PBXFileReference; lastKnownFileType = sourcecode.swift; path = TabBarInteractor.swift; sourceTree = "<group>"; };
		98B350CC2345BEFA00E7F33B /* NavTitleView.swift */ = {isa = PBXFileReference; lastKnownFileType = sourcecode.swift; path = NavTitleView.swift; sourceTree = "<group>"; };
		98D6DC32234C105000E8391F /* FavoritesViewIdentifiers.swift */ = {isa = PBXFileReference; lastKnownFileType = sourcecode.swift; path = FavoritesViewIdentifiers.swift; sourceTree = "<group>"; };
		98D6DC34234C452100E8391F /* HotelInfo.swift */ = {isa = PBXFileReference; lastKnownFileType = sourcecode.swift; path = HotelInfo.swift; sourceTree = "<group>"; };
		98D6DC36234C473A00E8391F /* HotelInfoList.swift */ = {isa = PBXFileReference; lastKnownFileType = sourcecode.swift; path = HotelInfoList.swift; sourceTree = "<group>"; };
		98D6DC39234C53D700E8391F /* FavoriteDetailsView.swift */ = {isa = PBXFileReference; lastKnownFileType = sourcecode.swift; path = FavoriteDetailsView.swift; sourceTree = "<group>"; };
		98D6DC3D234C563C00E8391F /* CGFloat+Extension.swift */ = {isa = PBXFileReference; lastKnownFileType = sourcecode.swift; path = "CGFloat+Extension.swift"; sourceTree = "<group>"; };
		98D6DC3F234C5C0B00E8391F /* UIStackViews.swift */ = {isa = PBXFileReference; lastKnownFileType = sourcecode.swift; path = UIStackViews.swift; sourceTree = "<group>"; };
/* End PBXFileReference section */

/* Begin PBXFrameworksBuildPhase section */
		98A5CB64233C1E72002325DC /* Frameworks */ = {
			isa = PBXFrameworksBuildPhase;
			buildActionMask = 2147483647;
			files = (
				300CDD6366FE82AC9A6F4DAB /* Pods_TemplatesView.framework in Frameworks */,
			);
			runOnlyForDeploymentPostprocessing = 0;
		};
/* End PBXFrameworksBuildPhase section */

/* Begin PBXGroup section */
		75E205D528D2AAE62772C564 /* Frameworks */ = {
			isa = PBXGroup;
			children = (
				3C9DC12CCD80F6C125F12BA7 /* Pods_TemplatesView.framework */,
			);
			name = Frameworks;
			sourceTree = "<group>";
		};
		9812351C234A57C60040927A /* Body */ = {
			isa = PBXGroup;
			children = (
				9812351D234A57DC0040927A /* FavoriteViewBody.swift */,
				98D6DC32234C105000E8391F /* FavoritesViewIdentifiers.swift */,
			);
			path = Body;
			sourceTree = "<group>";
		};
		98123521234A6C8A0040927A /* MockList */ = {
			isa = PBXGroup;
			children = (
				98123522234A6C9C0040927A /* HomeMockList.swift */,
				98D6DC36234C473A00E8391F /* HotelInfoList.swift */,
			);
			path = MockList;
			sourceTree = "<group>";
		};
		981441352346E667001B36D4 /* Home */ = {
			isa = PBXGroup;
			children = (
				98ABAF0C23470617004C87A1 /* View */,
			);
			path = Home;
			sourceTree = "<group>";
		};
		981441362346E66D001B36D4 /* Notif */ = {
			isa = PBXGroup;
			children = (
				9814413C2346E6D2001B36D4 /* view */,
			);
			path = Notif;
			sourceTree = "<group>";
		};
		981441372346E681001B36D4 /* Likes */ = {
			isa = PBXGroup;
			children = (
				9814413B2346E6C9001B36D4 /* view */,
			);
			path = Likes;
			sourceTree = "<group>";
		};
		981441392346E698001B36D4 /* Favorites */ = {
			isa = PBXGroup;
			children = (
				9814413A2346E6C1001B36D4 /* view */,
			);
			path = Favorites;
			sourceTree = "<group>";
		};
		9814413A2346E6C1001B36D4 /* view */ = {
			isa = PBXGroup;
			children = (
				981441412346E75A001B36D4 /* FavoritesView.swift */,
				9812351A234A55280040927A /* FavoriteViewCell.swift */,
				9812351C234A57C60040927A /* Body */,
			);
			path = view;
			sourceTree = "<group>";
		};
		9814413B2346E6C9001B36D4 /* view */ = {
			isa = PBXGroup;
			children = (
				988F70B7234D3B18003C953D /* Body */,
				9814413F2346E733001B36D4 /* LikesView.swift */,
			);
			path = view;
			sourceTree = "<group>";
		};
		9814413C2346E6D2001B36D4 /* view */ = {
			isa = PBXGroup;
			children = (
				9814413D2346E6FD001B36D4 /* NotifView.swift */,
			);
			path = view;
			sourceTree = "<group>";
		};
		988F70B7234D3B18003C953D /* Body */ = {
			isa = PBXGroup;
			children = (
			);
			path = Body;
			sourceTree = "<group>";
		};
		98A5CB5E233C1E72002325DC = {
			isa = PBXGroup;
			children = (
				98A5CB69233C1E72002325DC /* TemplatesView */,
				98A5CB68233C1E72002325DC /* Products */,
				FFC3976AF244CD0C33C1C4EB /* Pods */,
				75E205D528D2AAE62772C564 /* Frameworks */,
			);
			sourceTree = "<group>";
		};
		98A5CB68233C1E72002325DC /* Products */ = {
			isa = PBXGroup;
			children = (
				98A5CB67233C1E72002325DC /* TemplatesView.app */,
			);
			name = Products;
			sourceTree = "<group>";
		};
		98A5CB69233C1E72002325DC /* TemplatesView */ = {
			isa = PBXGroup;
			children = (
				98DD0D5D234D279A0024110B /* Entities */,
				98123521234A6C8A0040927A /* MockList */,
				98A5CB82233C3D00002325DC /* Modules */,
				98A5CB7E233C3788002325DC /* Shared */,
				98A5CB6A233C1E72002325DC /* AppDelegate.swift */,
				98A5CB6C233C1E72002325DC /* SceneDelegate.swift */,
				98A5CB73233C1E73002325DC /* Assets.xcassets */,
				98A5CB78233C1E73002325DC /* Info.plist */,
				98ABAF012346FB64004C87A1 /* LaunchScreen.storyboard */,
			);
			path = TemplatesView;
			sourceTree = "<group>";
		};
		98A5CB7E233C3788002325DC /* Shared */ = {
			isa = PBXGroup;
			children = (
				98ABAF09234704AB004C87A1 /* Entity */,
				98B350A5234586F300E7F33B /* Generics */,
				98A5CB7F233C378E002325DC /* UITemplates */,
			);
			path = Shared;
			sourceTree = "<group>";
		};
		98A5CB7F233C378E002325DC /* UITemplates */ = {
			isa = PBXGroup;
			children = (
				98DD0D5E234D28450024110B /* Templates */,
				98A5CB85233C89DE002325DC /* Extensions */,
				98A5CB88233C8C17002325DC /* Constants.swift */,
				98A5CB80233C37D2002325DC /* Style.swift */,
			);
			path = UITemplates;
			sourceTree = "<group>";
		};
		98A5CB82233C3D00002325DC /* Modules */ = {
			isa = PBXGroup;
			children = (
				98D6DC38234C53C000E8391F /* FavoriteDetail */,
				98A5CB83233C3D0A002325DC /* Profile */,
				981441362346E66D001B36D4 /* Notif */,
				981441372346E681001B36D4 /* Likes */,
				981441392346E698001B36D4 /* Favorites */,
				981441352346E667001B36D4 /* Home */,
				98B350A4234586C800E7F33B /* TabBar */,
			);
			path = Modules;
			sourceTree = "<group>";
		};
		98A5CB83233C3D0A002325DC /* Profile */ = {
			isa = PBXGroup;
			children = (
				98A5CB84233C3D11002325DC /* View */,
			);
			path = Profile;
			sourceTree = "<group>";
		};
		98A5CB84233C3D11002325DC /* View */ = {
			isa = PBXGroup;
			children = (
				98A5CB6E233C1E72002325DC /* ViewController.swift */,
			);
			path = View;
			sourceTree = "<group>";
		};
		98A5CB85233C89DE002325DC /* Extensions */ = {
			isa = PBXGroup;
			children = (
				98A5CB86233C89FB002325DC /* UIImage+Extension.swift */,
				98A5CB97233FF450002325DC /* UIScrollView+Extension.swift */,
				98A5CB9923410137002325DC /* UINavigationItem+Extension.swift */,
				98A5CB9B234105B4002325DC /* UINavigationBar+Extension.swift */,
				98A5CB9F23410962002325DC /* CAGradientLayer+Extension.swift */,
				98A5CBA123411399002325DC /* UIViewController+Extension.swift */,
				98123516234A3A9E0040927A /* UIView+Extension.swift */,
				9812351F234A5BA00040927A /* UIButton+Extension.swift */,
				98D6DC3D234C563C00E8391F /* CGFloat+Extension.swift */,
			);
			path = Extensions;
			sourceTree = "<group>";
		};
		98ABAF09234704AB004C87A1 /* Entity */ = {
			isa = PBXGroup;
			children = (
				98B350CC2345BEFA00E7F33B /* NavTitleView.swift */,
			);
			name = Entity;
			path = ../Entity;
			sourceTree = "<group>";
		};
		98ABAF0C23470617004C87A1 /* View */ = {
			isa = PBXGroup;
			children = (
				981441432346E79F001B36D4 /* HomeView.swift */,
				98ABAF0523470436004C87A1 /* HomaViewCell.swift */,
				98ABAF0D23470623004C87A1 /* body */,
			);
			path = View;
			sourceTree = "<group>";
		};
		98ABAF0D23470623004C87A1 /* body */ = {
			isa = PBXGroup;
			children = (
				98ABAF0E23470640004C87A1 /* HomeViewBody.swift */,
			);
			path = body;
			sourceTree = "<group>";
		};
		98B350A4234586C800E7F33B /* TabBar */ = {
			isa = PBXGroup;
			children = (
				98B350C02345AA2100E7F33B /* Protocols */,
				98B350BF2345A92200E7F33B /* interactor */,
				98B350BE2345A91B00E7F33B /* presenter */,
				98B350BD2345A91500E7F33B /* view */,
				98B350BC2345A90D00E7F33B /* router */,
			);
			path = TabBar;
			sourceTree = "<group>";
		};
		98B350A5234586F300E7F33B /* Generics */ = {
			isa = PBXGroup;
			children = (
				98B350A72345871000E7F33B /* TableView */,
			);
			path = Generics;
			sourceTree = "<group>";
		};
		98B350A72345871000E7F33B /* TableView */ = {
			isa = PBXGroup;
			children = (
				98B350A82345873200E7F33B /* GenericTableView.swift */,
				98B350AA234587EC00E7F33B /* GenericTableViewCell.swift */,
			);
			path = TableView;
			sourceTree = "<group>";
		};
		98B350BC2345A90D00E7F33B /* router */ = {
			isa = PBXGroup;
			children = (
				98B350C32345AB0900E7F33B /* TabBarRouter.swift */,
			);
			path = router;
			sourceTree = "<group>";
		};
		98B350BD2345A91500E7F33B /* view */ = {
			isa = PBXGroup;
			children = (
				98B350C52345AB5900E7F33B /* TabBarView.swift */,
				98ABAF032346FC75004C87A1 /* TabBarDelegate.swift */,
			);
			path = view;
			sourceTree = "<group>";
		};
		98B350BE2345A91B00E7F33B /* presenter */ = {
			isa = PBXGroup;
			children = (
				98B350C72345AB6200E7F33B /* TabBarPresenter.swift */,
			);
			path = presenter;
			sourceTree = "<group>";
		};
		98B350BF2345A92200E7F33B /* interactor */ = {
			isa = PBXGroup;
			children = (
				98B350C92345AB7500E7F33B /* TabBarInteractor.swift */,
			);
			path = interactor;
			sourceTree = "<group>";
		};
		98B350C02345AA2100E7F33B /* Protocols */ = {
			isa = PBXGroup;
			children = (
				98B350C12345AA3100E7F33B /* TabBarProtocols.swift */,
			);
			path = Protocols;
			sourceTree = "<group>";
		};
		98D6DC38234C53C000E8391F /* FavoriteDetail */ = {
			isa = PBXGroup;
			children = (
				98D6DC3B234C53DB00E8391F /* View */,
			);
			path = FavoriteDetail;
			sourceTree = "<group>";
		};
		98D6DC3B234C53DB00E8391F /* View */ = {
			isa = PBXGroup;
			children = (
				98D6DC39234C53D700E8391F /* FavoriteDetailsView.swift */,
				98D6DC3C234C53E800E8391F /* Body */,
			);
			path = View;
			sourceTree = "<group>";
		};
		98D6DC3C234C53E800E8391F /* Body */ = {
			isa = PBXGroup;
			children = (
			);
			path = Body;
			sourceTree = "<group>";
		};
		98DD0D5D234D279A0024110B /* Entities */ = {
			isa = PBXGroup;
			children = (
				98ABAF0A234704C1004C87A1 /* User.swift */,
				98D6DC34234C452100E8391F /* HotelInfo.swift */,
			);
			path = Entities;
			sourceTree = "<group>";
		};
		98DD0D5E234D28450024110B /* Templates */ = {
			isa = PBXGroup;
			children = (
				98A5CB91233F3C0F002325DC /* UIViewTemplates.swift */,
				98A5CBA323411A98002325DC /* UILabelTemplate.swift */,
				98A5CB8D233F2907002325DC /* UIButtonTemplate.swift */,
				98A5CB8F233F350F002325DC /* UIImageViewTemplate.swift */,
				98A5CB93233F3E30002325DC /* UITextFieldTemplate.swift */,
				98D6DC3F234C5C0B00E8391F /* UIStackViews.swift */,
			);
			path = Templates;
			sourceTree = "<group>";
		};
		FFC3976AF244CD0C33C1C4EB /* Pods */ = {
			isa = PBXGroup;
			children = (
				7400C8572CFEE8743256C766 /* Pods-TemplatesView.debug.xcconfig */,
				777FE6D4C074B5E64BF4A43F /* Pods-TemplatesView.release.xcconfig */,
			);
			path = Pods;
			sourceTree = "<group>";
		};
/* End PBXGroup section */

/* Begin PBXNativeTarget section */
		98A5CB66233C1E72002325DC /* TemplatesView */ = {
			isa = PBXNativeTarget;
			buildConfigurationList = 98A5CB7B233C1E73002325DC /* Build configuration list for PBXNativeTarget "TemplatesView" */;
			buildPhases = (
				F452191673B58652737AB35A /* [CP] Check Pods Manifest.lock */,
				98A5CB63233C1E72002325DC /* Sources */,
				98A5CB64233C1E72002325DC /* Frameworks */,
				98A5CB65233C1E72002325DC /* Resources */,
				7DB9A1B743FAE6D380D38ED6 /* [CP] Embed Pods Frameworks */,
			);
			buildRules = (
			);
			dependencies = (
			);
			name = TemplatesView;
			productName = TemplatesView;
			productReference = 98A5CB67233C1E72002325DC /* TemplatesView.app */;
			productType = "com.apple.product-type.application";
		};
/* End PBXNativeTarget section */

/* Begin PBXProject section */
		98A5CB5F233C1E72002325DC /* Project object */ = {
			isa = PBXProject;
			attributes = {
				LastSwiftUpdateCheck = 1100;
				LastUpgradeCheck = 1100;
				ORGANIZATIONNAME = gandhi;
				TargetAttributes = {
					98A5CB66233C1E72002325DC = {
						CreatedOnToolsVersion = 11.0;
					};
				};
			};
			buildConfigurationList = 98A5CB62233C1E72002325DC /* Build configuration list for PBXProject "TemplatesView" */;
			compatibilityVersion = "Xcode 9.3";
			developmentRegion = en;
			hasScannedForEncodings = 0;
			knownRegions = (
				en,
				Base,
			);
			mainGroup = 98A5CB5E233C1E72002325DC;
			productRefGroup = 98A5CB68233C1E72002325DC /* Products */;
			projectDirPath = "";
			projectRoot = "";
			targets = (
				98A5CB66233C1E72002325DC /* TemplatesView */,
			);
		};
/* End PBXProject section */

/* Begin PBXResourcesBuildPhase section */
		98A5CB65233C1E72002325DC /* Resources */ = {
			isa = PBXResourcesBuildPhase;
			buildActionMask = 2147483647;
			files = (
				98A5CB74233C1E73002325DC /* Assets.xcassets in Resources */,
				98ABAF022346FB64004C87A1 /* LaunchScreen.storyboard in Resources */,
			);
			runOnlyForDeploymentPostprocessing = 0;
		};
/* End PBXResourcesBuildPhase section */

/* Begin PBXShellScriptBuildPhase section */
		7DB9A1B743FAE6D380D38ED6 /* [CP] Embed Pods Frameworks */ = {
			isa = PBXShellScriptBuildPhase;
			buildActionMask = 2147483647;
			files = (
			);
			inputFileListPaths = (
			);
			inputPaths = (
				"${PODS_ROOT}/Target Support Files/Pods-TemplatesView/Pods-TemplatesView-frameworks.sh",
				"${BUILT_PRODUCTS_DIR}/SteviaLayout/Stevia.framework",
			);
			name = "[CP] Embed Pods Frameworks";
			outputFileListPaths = (
			);
			outputPaths = (
				"${TARGET_BUILD_DIR}/${FRAMEWORKS_FOLDER_PATH}/Stevia.framework",
			);
			runOnlyForDeploymentPostprocessing = 0;
			shellPath = /bin/sh;
			shellScript = "\"${PODS_ROOT}/Target Support Files/Pods-TemplatesView/Pods-TemplatesView-frameworks.sh\"\n";
			showEnvVarsInLog = 0;
		};
		F452191673B58652737AB35A /* [CP] Check Pods Manifest.lock */ = {
			isa = PBXShellScriptBuildPhase;
			buildActionMask = 2147483647;
			files = (
			);
			inputFileListPaths = (
			);
			inputPaths = (
				"${PODS_PODFILE_DIR_PATH}/Podfile.lock",
				"${PODS_ROOT}/Manifest.lock",
			);
			name = "[CP] Check Pods Manifest.lock";
			outputFileListPaths = (
			);
			outputPaths = (
				"$(DERIVED_FILE_DIR)/Pods-TemplatesView-checkManifestLockResult.txt",
			);
			runOnlyForDeploymentPostprocessing = 0;
			shellPath = /bin/sh;
			shellScript = "diff \"${PODS_PODFILE_DIR_PATH}/Podfile.lock\" \"${PODS_ROOT}/Manifest.lock\" > /dev/null\nif [ $? != 0 ] ; then\n    # print error to STDERR\n    echo \"error: The sandbox is not in sync with the Podfile.lock. Run 'pod install' or update your CocoaPods installation.\" >&2\n    exit 1\nfi\n# This output is used by Xcode 'outputs' to avoid re-running this script phase.\necho \"SUCCESS\" > \"${SCRIPT_OUTPUT_FILE_0}\"\n";
			showEnvVarsInLog = 0;
		};
/* End PBXShellScriptBuildPhase section */

/* Begin PBXSourcesBuildPhase section */
		98A5CB63233C1E72002325DC /* Sources */ = {
			isa = PBXSourcesBuildPhase;
			buildActionMask = 2147483647;
			files = (
				98B350CA2345AB7500E7F33B /* TabBarInteractor.swift in Sources */,
				98A5CB9C234105B4002325DC /* UINavigationBar+Extension.swift in Sources */,
				98B350C22345AA3100E7F33B /* TabBarProtocols.swift in Sources */,
				98B350C62345AB5900E7F33B /* TabBarView.swift in Sources */,
				98A5CB6F233C1E72002325DC /* ViewController.swift in Sources */,
				98B350C42345AB0900E7F33B /* TabBarRouter.swift in Sources */,
				9812351E234A57DC0040927A /* FavoriteViewBody.swift in Sources */,
				98D6DC3A234C53D700E8391F /* FavoriteDetailsView.swift in Sources */,
				98A5CB98233FF450002325DC /* UIScrollView+Extension.swift in Sources */,
				981441402346E733001B36D4 /* LikesView.swift in Sources */,
				98A5CB6B233C1E72002325DC /* AppDelegate.swift in Sources */,
				98123523234A6C9C0040927A /* HomeMockList.swift in Sources */,
				98A5CB90233F350F002325DC /* UIImageViewTemplate.swift in Sources */,
				98A5CB92233F3C0F002325DC /* UIViewTemplates.swift in Sources */,
				9812351B234A55280040927A /* FavoriteViewCell.swift in Sources */,
				98ABAF0623470436004C87A1 /* HomaViewCell.swift in Sources */,
				98A5CB87233C89FB002325DC /* UIImage+Extension.swift in Sources */,
				98B350CD2345BEFA00E7F33B /* NavTitleView.swift in Sources */,
				98A5CB94233F3E30002325DC /* UITextFieldTemplate.swift in Sources */,
				98D6DC35234C452100E8391F /* HotelInfo.swift in Sources */,
				98A5CBA423411A98002325DC /* UILabelTemplate.swift in Sources */,
				98B350AB234587EC00E7F33B /* GenericTableViewCell.swift in Sources */,
				98ABAF042346FC75004C87A1 /* TabBarDelegate.swift in Sources */,
				98D6DC33234C105000E8391F /* FavoritesViewIdentifiers.swift in Sources */,
				98B350C82345AB6200E7F33B /* TabBarPresenter.swift in Sources */,
				98123520234A5BA00040927A /* UIButton+Extension.swift in Sources */,
				98A5CB81233C37D2002325DC /* Style.swift in Sources */,
				98D6DC37234C473A00E8391F /* HotelInfoList.swift in Sources */,
				98D6DC3E234C563C00E8391F /* CGFloat+Extension.swift in Sources */,
				98B350A92345873200E7F33B /* GenericTableView.swift in Sources */,
				98A5CBA023410962002325DC /* CAGradientLayer+Extension.swift in Sources */,
				98A5CB9A23410137002325DC /* UINavigationItem+Extension.swift in Sources */,
				98A5CB6D233C1E72002325DC /* SceneDelegate.swift in Sources */,
				98123517234A3A9E0040927A /* UIView+Extension.swift in Sources */,
				981441442346E79F001B36D4 /* HomeView.swift in Sources */,
				98A5CB89233C8C17002325DC /* Constants.swift in Sources */,
				981441422346E75A001B36D4 /* FavoritesView.swift in Sources */,
				98ABAF0B234704C1004C87A1 /* User.swift in Sources */,
				98D6DC40234C5C0B00E8391F /* UIStackViews.swift in Sources */,
				98A5CB8E233F2907002325DC /* UIButtonTemplate.swift in Sources */,
				98A5CBA223411399002325DC /* UIViewController+Extension.swift in Sources */,
				9814413E2346E6FD001B36D4 /* NotifView.swift in Sources */,
				98ABAF0F23470640004C87A1 /* HomeViewBody.swift in Sources */,
			);
			runOnlyForDeploymentPostprocessing = 0;
		};
/* End PBXSourcesBuildPhase section */

/* Begin XCBuildConfiguration section */
		98A5CB79233C1E73002325DC /* Debug */ = {
			isa = XCBuildConfiguration;
			buildSettings = {
				ALWAYS_SEARCH_USER_PATHS = NO;
				CLANG_ANALYZER_NONNULL = YES;
				CLANG_ANALYZER_NUMBER_OBJECT_CONVERSION = YES_AGGRESSIVE;
				CLANG_CXX_LANGUAGE_STANDARD = "gnu++14";
				CLANG_CXX_LIBRARY = "libc++";
				CLANG_ENABLE_MODULES = YES;
				CLANG_ENABLE_OBJC_ARC = YES;
				CLANG_ENABLE_OBJC_WEAK = YES;
				CLANG_WARN_BLOCK_CAPTURE_AUTORELEASING = YES;
				CLANG_WARN_BOOL_CONVERSION = YES;
				CLANG_WARN_COMMA = YES;
				CLANG_WARN_CONSTANT_CONVERSION = YES;
				CLANG_WARN_DEPRECATED_OBJC_IMPLEMENTATIONS = YES;
				CLANG_WARN_DIRECT_OBJC_ISA_USAGE = YES_ERROR;
				CLANG_WARN_DOCUMENTATION_COMMENTS = YES;
				CLANG_WARN_EMPTY_BODY = YES;
				CLANG_WARN_ENUM_CONVERSION = YES;
				CLANG_WARN_INFINITE_RECURSION = YES;
				CLANG_WARN_INT_CONVERSION = YES;
				CLANG_WARN_NON_LITERAL_NULL_CONVERSION = YES;
				CLANG_WARN_OBJC_IMPLICIT_RETAIN_SELF = YES;
				CLANG_WARN_OBJC_LITERAL_CONVERSION = YES;
				CLANG_WARN_OBJC_ROOT_CLASS = YES_ERROR;
				CLANG_WARN_RANGE_LOOP_ANALYSIS = YES;
				CLANG_WARN_STRICT_PROTOTYPES = YES;
				CLANG_WARN_SUSPICIOUS_MOVE = YES;
				CLANG_WARN_UNGUARDED_AVAILABILITY = YES_AGGRESSIVE;
				CLANG_WARN_UNREACHABLE_CODE = YES;
				CLANG_WARN__DUPLICATE_METHOD_MATCH = YES;
				COPY_PHASE_STRIP = NO;
				DEBUG_INFORMATION_FORMAT = dwarf;
				ENABLE_STRICT_OBJC_MSGSEND = YES;
				ENABLE_TESTABILITY = YES;
				GCC_C_LANGUAGE_STANDARD = gnu11;
				GCC_DYNAMIC_NO_PIC = NO;
				GCC_NO_COMMON_BLOCKS = YES;
				GCC_OPTIMIZATION_LEVEL = 0;
				GCC_PREPROCESSOR_DEFINITIONS = (
					"DEBUG=1",
					"$(inherited)",
				);
				GCC_WARN_64_TO_32_BIT_CONVERSION = YES;
				GCC_WARN_ABOUT_RETURN_TYPE = YES_ERROR;
				GCC_WARN_UNDECLARED_SELECTOR = YES;
				GCC_WARN_UNINITIALIZED_AUTOS = YES_AGGRESSIVE;
				GCC_WARN_UNUSED_FUNCTION = YES;
				GCC_WARN_UNUSED_VARIABLE = YES;
				IPHONEOS_DEPLOYMENT_TARGET = 13.0;
				MTL_ENABLE_DEBUG_INFO = INCLUDE_SOURCE;
				MTL_FAST_MATH = YES;
				ONLY_ACTIVE_ARCH = YES;
				SDKROOT = iphoneos;
				SWIFT_ACTIVE_COMPILATION_CONDITIONS = DEBUG;
				SWIFT_OPTIMIZATION_LEVEL = "-Onone";
			};
			name = Debug;
		};
		98A5CB7A233C1E73002325DC /* Release */ = {
			isa = XCBuildConfiguration;
			buildSettings = {
				ALWAYS_SEARCH_USER_PATHS = NO;
				CLANG_ANALYZER_NONNULL = YES;
				CLANG_ANALYZER_NUMBER_OBJECT_CONVERSION = YES_AGGRESSIVE;
				CLANG_CXX_LANGUAGE_STANDARD = "gnu++14";
				CLANG_CXX_LIBRARY = "libc++";
				CLANG_ENABLE_MODULES = YES;
				CLANG_ENABLE_OBJC_ARC = YES;
				CLANG_ENABLE_OBJC_WEAK = YES;
				CLANG_WARN_BLOCK_CAPTURE_AUTORELEASING = YES;
				CLANG_WARN_BOOL_CONVERSION = YES;
				CLANG_WARN_COMMA = YES;
				CLANG_WARN_CONSTANT_CONVERSION = YES;
				CLANG_WARN_DEPRECATED_OBJC_IMPLEMENTATIONS = YES;
				CLANG_WARN_DIRECT_OBJC_ISA_USAGE = YES_ERROR;
				CLANG_WARN_DOCUMENTATION_COMMENTS = YES;
				CLANG_WARN_EMPTY_BODY = YES;
				CLANG_WARN_ENUM_CONVERSION = YES;
				CLANG_WARN_INFINITE_RECURSION = YES;
				CLANG_WARN_INT_CONVERSION = YES;
				CLANG_WARN_NON_LITERAL_NULL_CONVERSION = YES;
				CLANG_WARN_OBJC_IMPLICIT_RETAIN_SELF = YES;
				CLANG_WARN_OBJC_LITERAL_CONVERSION = YES;
				CLANG_WARN_OBJC_ROOT_CLASS = YES_ERROR;
				CLANG_WARN_RANGE_LOOP_ANALYSIS = YES;
				CLANG_WARN_STRICT_PROTOTYPES = YES;
				CLANG_WARN_SUSPICIOUS_MOVE = YES;
				CLANG_WARN_UNGUARDED_AVAILABILITY = YES_AGGRESSIVE;
				CLANG_WARN_UNREACHABLE_CODE = YES;
				CLANG_WARN__DUPLICATE_METHOD_MATCH = YES;
				COPY_PHASE_STRIP = NO;
				DEBUG_INFORMATION_FORMAT = "dwarf-with-dsym";
				ENABLE_NS_ASSERTIONS = NO;
				ENABLE_STRICT_OBJC_MSGSEND = YES;
				GCC_C_LANGUAGE_STANDARD = gnu11;
				GCC_NO_COMMON_BLOCKS = YES;
				GCC_WARN_64_TO_32_BIT_CONVERSION = YES;
				GCC_WARN_ABOUT_RETURN_TYPE = YES_ERROR;
				GCC_WARN_UNDECLARED_SELECTOR = YES;
				GCC_WARN_UNINITIALIZED_AUTOS = YES_AGGRESSIVE;
				GCC_WARN_UNUSED_FUNCTION = YES;
				GCC_WARN_UNUSED_VARIABLE = YES;
				IPHONEOS_DEPLOYMENT_TARGET = 13.0;
				MTL_ENABLE_DEBUG_INFO = NO;
				MTL_FAST_MATH = YES;
				SDKROOT = iphoneos;
				SWIFT_COMPILATION_MODE = wholemodule;
				SWIFT_OPTIMIZATION_LEVEL = "-O";
				VALIDATE_PRODUCT = YES;
			};
			name = Release;
		};
		98A5CB7C233C1E73002325DC /* Debug */ = {
			isa = XCBuildConfiguration;
			baseConfigurationReference = 7400C8572CFEE8743256C766 /* Pods-TemplatesView.debug.xcconfig */;
			buildSettings = {
				ASSETCATALOG_COMPILER_APPICON_NAME = AppIcon;
				CODE_SIGN_STYLE = Automatic;
				DEVELOPMENT_TEAM = NUT7SFZWGF;
				INFOPLIST_FILE = TemplatesView/Info.plist;
				IPHONEOS_DEPLOYMENT_TARGET = 12.0;
				LD_RUNPATH_SEARCH_PATHS = (
					"$(inherited)",
					"@executable_path/Frameworks",
				);
				OTHER_SWIFT_FLAGS = "$(inherited) -D COCOAPODS -Xfrontend -warn-long-function-bodies=100 -Xfrontend -warn-long-expression-type-checking=100";
				PRODUCT_BUNDLE_IDENTIFIER = com.gandhi.TemplatesView;
				PRODUCT_NAME = "$(TARGET_NAME)";
				SWIFT_VERSION = 5.0;
				TARGETED_DEVICE_FAMILY = "1,2";
			};
			name = Debug;
		};
		98A5CB7D233C1E73002325DC /* Release */ = {
			isa = XCBuildConfiguration;
			baseConfigurationReference = 777FE6D4C074B5E64BF4A43F /* Pods-TemplatesView.release.xcconfig */;
			buildSettings = {
				ASSETCATALOG_COMPILER_APPICON_NAME = AppIcon;
				CODE_SIGN_STYLE = Automatic;
				DEVELOPMENT_TEAM = NUT7SFZWGF;
				INFOPLIST_FILE = TemplatesView/Info.plist;
				IPHONEOS_DEPLOYMENT_TARGET = 12.0;
				LD_RUNPATH_SEARCH_PATHS = (
					"$(inherited)",
					"@executable_path/Frameworks",
				);
				PRODUCT_BUNDLE_IDENTIFIER = com.gandhi.TemplatesView;
				PRODUCT_NAME = "$(TARGET_NAME)";
				SWIFT_VERSION = 5.0;
				TARGETED_DEVICE_FAMILY = "1,2";
			};
			name = Release;
		};
/* End XCBuildConfiguration section */

/* Begin XCConfigurationList section */
		98A5CB62233C1E72002325DC /* Build configuration list for PBXProject "TemplatesView" */ = {
			isa = XCConfigurationList;
			buildConfigurations = (
				98A5CB79233C1E73002325DC /* Debug */,
				98A5CB7A233C1E73002325DC /* Release */,
			);
			defaultConfigurationIsVisible = 0;
			defaultConfigurationName = Release;
		};
		98A5CB7B233C1E73002325DC /* Build configuration list for PBXNativeTarget "TemplatesView" */ = {
			isa = XCConfigurationList;
			buildConfigurations = (
				98A5CB7C233C1E73002325DC /* Debug */,
				98A5CB7D233C1E73002325DC /* Release */,
			);
			defaultConfigurationIsVisible = 0;
			defaultConfigurationName = Release;
		};
/* End XCConfigurationList section */
	};
	rootObject = 98A5CB5F233C1E72002325DC /* Project object */;
}
